// !$*UTF8*$!
{
	archiveVersion = 1;
	classes = {
	};
	objectVersion = 46;
	objects = {

/* Begin PBXBuildFile section */
		01F3424B1B56F2E90049A901 /* main.m in Sources */ = {isa = PBXBuildFile; fileRef = 01F3424A1B56F2E90049A901 /* main.m */; };
		01F3424E1B56F2E90049A901 /* AppDelegate.m in Sources */ = {isa = PBXBuildFile; fileRef = 01F3424D1B56F2E90049A901 /* AppDelegate.m */; };
		01F342511B56F2E90049A901 /* CarListViewController.m in Sources */ = {isa = PBXBuildFile; fileRef = 01F342501B56F2E90049A901 /* CarListViewController.m */; };
		01F342541B56F2E90049A901 /* Main.storyboard in Resources */ = {isa = PBXBuildFile; fileRef = 01F342521B56F2E90049A901 /* Main.storyboard */; };
		01F342561B56F2E90049A901 /* Images.xcassets in Resources */ = {isa = PBXBuildFile; fileRef = 01F342551B56F2E90049A901 /* Images.xcassets */; };
		01F342591B56F2E90049A901 /* LaunchScreen.xib in Resources */ = {isa = PBXBuildFile; fileRef = 01F342571B56F2E90049A901 /* LaunchScreen.xib */; };
		01F342651B56F2E90049A901 /* InTheGarageTests.m in Sources */ = {isa = PBXBuildFile; fileRef = 01F342641B56F2E90049A901 /* InTheGarageTests.m */; };
		01F342721B56F2F70049A901 /* Car.m in Sources */ = {isa = PBXBuildFile; fileRef = 01F3426F1B56F2F70049A901 /* Car.m */; };
		01F342731B56F2F70049A901 /* CarController.m in Sources */ = {isa = PBXBuildFile; fileRef = 01F342711B56F2F70049A901 /* CarController.m */; };
		01F342761B56F3050049A901 /* Tire.m in Sources */ = {isa = PBXBuildFile; fileRef = 01F342751B56F3050049A901 /* Tire.m */; };
		01F342791B56F4080049A901 /* CarDetailViewController.m in Sources */ = {isa = PBXBuildFile; fileRef = 01F342781B56F4080049A901 /* CarDetailViewController.m */; };
		01F3427C1B56FB650049A901 /* CarEntryViewController.m in Sources */ = {isa = PBXBuildFile; fileRef = 01F3427B1B56FB650049A901 /* CarEntryViewController.m */; };
/* End PBXBuildFile section */

/* Begin PBXContainerItemProxy section */
		01F3425F1B56F2E90049A901 /* PBXContainerItemProxy */ = {
			isa = PBXContainerItemProxy;
			containerPortal = 01F3423D1B56F2E90049A901 /* Project object */;
			proxyType = 1;
			remoteGlobalIDString = 01F342441B56F2E90049A901;
			remoteInfo = InTheGarage;
		};
/* End PBXContainerItemProxy section */

/* Begin PBXFileReference section */
		01F342451B56F2E90049A901 /* InTheGarage.app */ = {isa = PBXFileReference; explicitFileType = wrapper.application; includeInIndex = 0; path = InTheGarage.app; sourceTree = BUILT_PRODUCTS_DIR; };
		01F342491B56F2E90049A901 /* Info.plist */ = {isa = PBXFileReference; lastKnownFileType = text.plist.xml; path = Info.plist; sourceTree = "<group>"; };
		01F3424A1B56F2E90049A901 /* main.m */ = {isa = PBXFileReference; lastKnownFileType = sourcecode.c.objc; path = main.m; sourceTree = "<group>"; };
		01F3424C1B56F2E90049A901 /* AppDelegate.h */ = {isa = PBXFileReference; lastKnownFileType = sourcecode.c.h; path = AppDelegate.h; sourceTree = "<group>"; };
		01F3424D1B56F2E90049A901 /* AppDelegate.m */ = {isa = PBXFileReference; lastKnownFileType = sourcecode.c.objc; path = AppDelegate.m; sourceTree = "<group>"; };
		01F3424F1B56F2E90049A901 /* CarListViewController.h */ = {isa = PBXFileReference; lastKnownFileType = sourcecode.c.h; path = CarListViewController.h; sourceTree = "<group>"; };
		01F342501B56F2E90049A901 /* CarListViewController.m */ = {isa = PBXFileReference; lastKnownFileType = sourcecode.c.objc; path = CarListViewController.m; sourceTree = "<group>"; };
		01F342531B56F2E90049A901 /* Base */ = {isa = PBXFileReference; lastKnownFileType = file.storyboard; name = Base; path = Base.lproj/Main.storyboard; sourceTree = "<group>"; };
		01F342551B56F2E90049A901 /* Images.xcassets */ = {isa = PBXFileReference; lastKnownFileType = folder.assetcatalog; path = Images.xcassets; sourceTree = "<group>"; };
		01F342581B56F2E90049A901 /* Base */ = {isa = PBXFileReference; lastKnownFileType = file.xib; name = Base; path = Base.lproj/LaunchScreen.xib; sourceTree = "<group>"; };
		01F3425E1B56F2E90049A901 /* InTheGarageTests.xctest */ = {isa = PBXFileReference; explicitFileType = wrapper.cfbundle; includeInIndex = 0; path = InTheGarageTests.xctest; sourceTree = BUILT_PRODUCTS_DIR; };
		01F342631B56F2E90049A901 /* Info.plist */ = {isa = PBXFileReference; lastKnownFileType = text.plist.xml; path = Info.plist; sourceTree = "<group>"; };
		01F342641B56F2E90049A901 /* InTheGarageTests.m */ = {isa = PBXFileReference; lastKnownFileType = sourcecode.c.objc; path = InTheGarageTests.m; sourceTree = "<group>"; };
		01F3426E1B56F2F70049A901 /* Car.h */ = {isa = PBXFileReference; fileEncoding = 4; lastKnownFileType = sourcecode.c.h; path = Car.h; sourceTree = "<group>"; };
		01F3426F1B56F2F70049A901 /* Car.m */ = {isa = PBXFileReference; fileEncoding = 4; lastKnownFileType = sourcecode.c.objc; path = Car.m; sourceTree = "<group>"; };
		01F342701B56F2F70049A901 /* CarController.h */ = {isa = PBXFileReference; fileEncoding = 4; lastKnownFileType = sourcecode.c.h; path = CarController.h; sourceTree = "<group>"; };
		01F342711B56F2F70049A901 /* CarController.m */ = {isa = PBXFileReference; fileEncoding = 4; lastKnownFileType = sourcecode.c.objc; path = CarController.m; sourceTree = "<group>"; };
		01F342741B56F3050049A901 /* Tire.h */ = {isa = PBXFileReference; fileEncoding = 4; lastKnownFileType = sourcecode.c.h; path = Tire.h; sourceTree = "<group>"; };
		01F342751B56F3050049A901 /* Tire.m */ = {isa = PBXFileReference; fileEncoding = 4; lastKnownFileType = sourcecode.c.objc; path = Tire.m; sourceTree = "<group>"; };
		01F342771B56F4080049A901 /* CarDetailViewController.h */ = {isa = PBXFileReference; fileEncoding = 4; lastKnownFileType = sourcecode.c.h; path = CarDetailViewController.h; sourceTree = "<group>"; };
		01F342781B56F4080049A901 /* CarDetailViewController.m */ = {isa = PBXFileReference; fileEncoding = 4; lastKnownFileType = sourcecode.c.objc; path = CarDetailViewController.m; sourceTree = "<group>"; };
		01F3427A1B56FB650049A901 /* CarEntryViewController.h */ = {isa = PBXFileReference; fileEncoding = 4; lastKnownFileType = sourcecode.c.h; path = CarEntryViewController.h; sourceTree = "<group>"; };
		01F3427B1B56FB650049A901 /* CarEntryViewController.m */ = {isa = PBXFileReference; fileEncoding = 4; lastKnownFileType = sourcecode.c.objc; path = CarEntryViewController.m; sourceTree = "<group>"; };
/* End PBXFileReference section */

/* Begin PBXFrameworksBuildPhase section */
		01F342421B56F2E90049A901 /* Frameworks */ = {
			isa = PBXFrameworksBuildPhase;
			buildActionMask = 2147483647;
			files = (
			);
			runOnlyForDeploymentPostprocessing = 0;
		};
		01F3425B1B56F2E90049A901 /* Frameworks */ = {
			isa = PBXFrameworksBuildPhase;
			buildActionMask = 2147483647;
			files = (
			);
			runOnlyForDeploymentPostprocessing = 0;
		};
/* End PBXFrameworksBuildPhase section */

/* Begin PBXGroup section */
		01F3423C1B56F2E90049A901 = {
			isa = PBXGroup;
			children = (
				01F342471B56F2E90049A901 /* InTheGarage */,
				01F342611B56F2E90049A901 /* InTheGarageTests */,
				01F342461B56F2E90049A901 /* Products */,
			);
			sourceTree = "<group>";
		};
		01F342461B56F2E90049A901 /* Products */ = {
			isa = PBXGroup;
			children = (
				01F342451B56F2E90049A901 /* InTheGarage.app */,
				01F3425E1B56F2E90049A901 /* InTheGarageTests.xctest */,
			);
			name = Products;
			sourceTree = "<group>";
		};
		01F342471B56F2E90049A901 /* InTheGarage */ = {
			isa = PBXGroup;
			children = (
				01F3424C1B56F2E90049A901 /* AppDelegate.h */,
				01F3424D1B56F2E90049A901 /* AppDelegate.m */,
				01F3424F1B56F2E90049A901 /* CarListViewController.h */,
				01F342501B56F2E90049A901 /* CarListViewController.m */,
				01F3427A1B56FB650049A901 /* CarEntryViewController.h */,
				01F3427B1B56FB650049A901 /* CarEntryViewController.m */,
				01F342771B56F4080049A901 /* CarDetailViewController.h */,
				01F342781B56F4080049A901 /* CarDetailViewController.m */,
				01F3426E1B56F2F70049A901 /* Car.h */,
				01F3426F1B56F2F70049A901 /* Car.m */,
				01F342701B56F2F70049A901 /* CarController.h */,
				01F342711B56F2F70049A901 /* CarController.m */,
				01F342741B56F3050049A901 /* Tire.h */,
				01F342751B56F3050049A901 /* Tire.m */,
				01F342521B56F2E90049A901 /* Main.storyboard */,
				01F342551B56F2E90049A901 /* Images.xcassets */,
				01F342571B56F2E90049A901 /* LaunchScreen.xib */,
				01F342481B56F2E90049A901 /* Supporting Files */,
			);
			path = InTheGarage;
			sourceTree = "<group>";
		};
		01F342481B56F2E90049A901 /* Supporting Files */ = {
			isa = PBXGroup;
			children = (
				01F342491B56F2E90049A901 /* Info.plist */,
				01F3424A1B56F2E90049A901 /* main.m */,
			);
			name = "Supporting Files";
			sourceTree = "<group>";
		};
		01F342611B56F2E90049A901 /* InTheGarageTests */ = {
			isa = PBXGroup;
			children = (
				01F342641B56F2E90049A901 /* InTheGarageTests.m */,
				01F342621B56F2E90049A901 /* Supporting Files */,
			);
			path = InTheGarageTests;
			sourceTree = "<group>";
		};
		01F342621B56F2E90049A901 /* Supporting Files */ = {
			isa = PBXGroup;
			children = (
				01F342631B56F2E90049A901 /* Info.plist */,
			);
			name = "Supporting Files";
			sourceTree = "<group>";
		};
/* End PBXGroup section */

/* Begin PBXNativeTarget section */
		01F342441B56F2E90049A901 /* InTheGarage */ = {
			isa = PBXNativeTarget;
			buildConfigurationList = 01F342681B56F2E90049A901 /* Build configuration list for PBXNativeTarget "InTheGarage" */;
			buildPhases = (
				01F342411B56F2E90049A901 /* Sources */,
				01F342421B56F2E90049A901 /* Frameworks */,
				01F342431B56F2E90049A901 /* Resources */,
			);
			buildRules = (
			);
			dependencies = (
			);
			name = InTheGarage;
			productName = InTheGarage;
			productReference = 01F342451B56F2E90049A901 /* InTheGarage.app */;
			productType = "com.apple.product-type.application";
		};
		01F3425D1B56F2E90049A901 /* InTheGarageTests */ = {
			isa = PBXNativeTarget;
			buildConfigurationList = 01F3426B1B56F2E90049A901 /* Build configuration list for PBXNativeTarget "InTheGarageTests" */;
			buildPhases = (
				01F3425A1B56F2E90049A901 /* Sources */,
				01F3425B1B56F2E90049A901 /* Frameworks */,
				01F3425C1B56F2E90049A901 /* Resources */,
			);
			buildRules = (
			);
			dependencies = (
				01F342601B56F2E90049A901 /* PBXTargetDependency */,
			);
			name = InTheGarageTests;
			productName = InTheGarageTests;
			productReference = 01F3425E1B56F2E90049A901 /* InTheGarageTests.xctest */;
			productType = "com.apple.product-type.bundle.unit-test";
		};
/* End PBXNativeTarget section */

/* Begin PBXProject section */
		01F3423D1B56F2E90049A901 /* Project object */ = {
			isa = PBXProject;
			attributes = {
				LastUpgradeCheck = 0630;
				ORGANIZATIONNAME = MottApplications;
				TargetAttributes = {
					01F342441B56F2E90049A901 = {
						CreatedOnToolsVersion = 6.3;
					};
					01F3425D1B56F2E90049A901 = {
						CreatedOnToolsVersion = 6.3;
						TestTargetID = 01F342441B56F2E90049A901;
					};
				};
			};
			buildConfigurationList = 01F342401B56F2E90049A901 /* Build configuration list for PBXProject "InTheGarage" */;
			compatibilityVersion = "Xcode 3.2";
			developmentRegion = English;
			hasScannedForEncodings = 0;
			knownRegions = (
				en,
				Base,
			);
			mainGroup = 01F3423C1B56F2E90049A901;
			productRefGroup = 01F342461B56F2E90049A901 /* Products */;
			projectDirPath = "";
			projectRoot = "";
			targets = (
				01F342441B56F2E90049A901 /* InTheGarage */,
				01F3425D1B56F2E90049A901 /* InTheGarageTests */,
			);
		};
/* End PBXProject section */

/* Begin PBXResourcesBuildPhase section */
		01F342431B56F2E90049A901 /* Resources */ = {
			isa = PBXResourcesBuildPhase;
			buildActionMask = 2147483647;
			files = (
				01F342541B56F2E90049A901 /* Main.storyboard in Resources */,
				01F342591B56F2E90049A901 /* LaunchScreen.xib in Resources */,
				01F342561B56F2E90049A901 /* Images.xcassets in Resources */,
			);
			runOnlyForDeploymentPostprocessing = 0;
		};
		01F3425C1B56F2E90049A901 /* Resources */ = {
			isa = PBXResourcesBuildPhase;
			buildActionMask = 2147483647;
			files = (
			);
			runOnlyForDeploymentPostprocessing = 0;
		};
/* End PBXResourcesBuildPhase section */

/* Begin PBXSourcesBuildPhase section */
		01F342411B56F2E90049A901 /* Sources */ = {
			isa = PBXSourcesBuildPhase;
			buildActionMask = 2147483647;
			files = (
				01F342511B56F2E90049A901 /* CarListViewController.m in Sources */,
				01F342761B56F3050049A901 /* Tire.m in Sources */,
				01F3427C1B56FB650049A901 /* CarEntryViewController.m in Sources */,
				01F3424E1B56F2E90049A901 /* AppDelegate.m in Sources */,
				01F342721B56F2F70049A901 /* Car.m in Sources */,
				01F342731B56F2F70049A901 /* CarController.m in Sources */,
				01F3424B1B56F2E90049A901 /* main.m in Sources */,
				01F342791B56F4080049A901 /* CarDetailViewController.m in Sources */,
			);
			runOnlyForDeploymentPostprocessing = 0;
		};
		01F3425A1B56F2E90049A901 /* Sources */ = {
			isa = PBXSourcesBuildPhase;
			buildActionMask = 2147483647;
			files = (
				01F342651B56F2E90049A901 /* InTheGarageTests.m in Sources */,
			);
			runOnlyForDeploymentPostprocessing = 0;
		};
/* End PBXSourcesBuildPhase section */

/* Begin PBXTargetDependency section */
		01F342601B56F2E90049A901 /* PBXTargetDependency */ = {
			isa = PBXTargetDependency;
			target = 01F342441B56F2E90049A901 /* InTheGarage */;
			targetProxy = 01F3425F1B56F2E90049A901 /* PBXContainerItemProxy */;
		};
/* End PBXTargetDependency section */

/* Begin PBXVariantGroup section */
		01F342521B56F2E90049A901 /* Main.storyboard */ = {
			isa = PBXVariantGroup;
			children = (
				01F342531B56F2E90049A901 /* Base */,
			);
			name = Main.storyboard;
			sourceTree = "<group>";
		};
		01F342571B56F2E90049A901 /* LaunchScreen.xib */ = {
			isa = PBXVariantGroup;
			children = (
				01F342581B56F2E90049A901 /* Base */,
			);
			name = LaunchScreen.xib;
			sourceTree = "<group>";
		};
/* End PBXVariantGroup section */

/* Begin XCBuildConfiguration section */
		01F342661B56F2E90049A901 /* Debug */ = {
			isa = XCBuildConfiguration;
			buildSettings = {
				ALWAYS_SEARCH_USER_PATHS = NO;
				CLANG_CXX_LANGUAGE_STANDARD = "gnu++0x";
				CLANG_CXX_LIBRARY = "libc++";
				CLANG_ENABLE_MODULES = YES;
				CLANG_ENABLE_OBJC_ARC = YES;
				CLANG_WARN_BOOL_CONVERSION = YES;
				CLANG_WARN_CONSTANT_CONVERSION = YES;
				CLANG_WARN_DIRECT_OBJC_ISA_USAGE = YES_ERROR;
				CLANG_WARN_EMPTY_BODY = YES;
				CLANG_WARN_ENUM_CONVERSION = YES;
				CLANG_WARN_INT_CONVERSION = YES;
				CLANG_WARN_OBJC_ROOT_CLASS = YES_ERROR;
				CLANG_WARN_UNREACHABLE_CODE = YES;
				CLANG_WARN__DUPLICATE_METHOD_MATCH = YES;
				"CODE_SIGN_IDENTITY[sdk=iphoneos*]" = "iPhone Developer";
				COPY_PHASE_STRIP = NO;
				DEBUG_INFORMATION_FORMAT = "dwarf-with-dsym";
				ENABLE_STRICT_OBJC_MSGSEND = YES;
				GCC_C_LANGUAGE_STANDARD = gnu99;
				GCC_DYNAMIC_NO_PIC = NO;
				GCC_NO_COMMON_BLOCKS = YES;
				GCC_OPTIMIZATION_LEVEL = 0;
				GCC_PREPROCESSOR_DEFINITIONS = (
					"DEBUG=1",
					"$(inherited)",
				);
				GCC_SYMBOLS_PRIVATE_EXTERN = NO;
				GCC_WARN_64_TO_32_BIT_CONVERSION = YES;
				GCC_WARN_ABOUT_RETURN_TYPE = YES_ERROR;
				GCC_WARN_UNDECLARED_SELECTOR = YES;
				GCC_WARN_UNINITIALIZED_AUTOS = YES_AGGRESSIVE;
				GCC_WARN_UNUSED_FUNCTION = YES;
				GCC_WARN_UNUSED_VARIABLE = YES;
				IPHONEOS_DEPLOYMENT_TARGET = 8.3;
				MTL_ENABLE_DEBUG_INFO = YES;
				ONLY_ACTIVE_ARCH = YES;
				SDKROOT = iphoneos;
			};
			name = Debug;
		};
		01F342671B56F2E90049A901 /* Release */ = {
			isa = XCBuildConfiguration;
			buildSettings = {
				ALWAYS_SEARCH_USER_PATHS = NO;
				CLANG_CXX_LANGUAGE_STANDARD = "gnu++0x";
				CLANG_CXX_LIBRARY = "libc++";
				CLANG_ENABLE_MODULES = YES;
				CLANG_ENABLE_OBJC_ARC = YES;
				CLANG_WARN_BOOL_CONVERSION = YES;
				CLANG_WARN_CONSTANT_CONVERSION = YES;
				CLANG_WARN_DIRECT_OBJC_ISA_USAGE = YES_ERROR;
				CLANG_WARN_EMPTY_BODY = YES;
				CLANG_WARN_ENUM_CONVERSION = YES;
				CLANG_WARN_INT_CONVERSION = YES;
				CLANG_WARN_OBJC_ROOT_CLASS = YES_ERROR;
				CLANG_WARN_UNREACHABLE_CODE = YES;
				CLANG_WARN__DUPLICATE_METHOD_MATCH = YES;
				"CODE_SIGN_IDENTITY[sdk=iphoneos*]" = "iPhone Developer";
				COPY_PHASE_STRIP = NO;
				DEBUG_INFORMATION_FORMAT = "dwarf-with-dsym";
				ENABLE_NS_ASSERTIONS = NO;
				ENABLE_STRICT_OBJC_MSGSEND = YES;
				GCC_C_LANGUAGE_STANDARD = gnu99;
				GCC_NO_COMMON_BLOCKS = YES;
				GCC_WARN_64_TO_32_BIT_CONVERSION = YES;
				GCC_WARN_ABOUT_RETURN_TYPE = YES_ERROR;
				GCC_WARN_UNDECLARED_SELECTOR = YES;
				GCC_WARN_UNINITIALIZED_AUTOS = YES_AGGRESSIVE;
				GCC_WARN_UNUSED_FUNCTION = YES;
				GCC_WARN_UNUSED_VARIABLE = YES;
				IPHONEOS_DEPLOYMENT_TARGET = 8.3;
				MTL_ENABLE_DEBUG_INFO = NO;
				SDKROOT = iphoneos;
				VALIDATE_PRODUCT = YES;
			};
			name = Release;
		};
		01F342691B56F2E90049A901 /* Debug */ = {
			isa = XCBuildConfiguration;
			buildSettings = {
				ASSETCATALOG_COMPILER_APPICON_NAME = AppIcon;
				INFOPLIST_FILE = InTheGarage/Info.plist;
				LD_RUNPATH_SEARCH_PATHS = "$(inherited) @executable_path/Frameworks";
				PRODUCT_NAME = "$(TARGET_NAME)";
			};
			name = Debug;
		};
		01F3426A1B56F2E90049A901 /* Release */ = {
			isa = XCBuildConfiguration;
			buildSettings = {
				ASSETCATALOG_COMPILER_APPICON_NAME = AppIcon;
				INFOPLIST_FILE = InTheGarage/Info.plist;
				LD_RUNPATH_SEARCH_PATHS = "$(inherited) @executable_path/Frameworks";
				PRODUCT_NAME = "$(TARGET_NAME)";
			};
			name = Release;
		};
		01F3426C1B56F2E90049A901 /* Debug */ = {
			isa = XCBuildConfiguration;
			buildSettings = {
				BUNDLE_LOADER = "$(TEST_HOST)";
				FRAMEWORK_SEARCH_PATHS = (
					"$(SDKROOT)/Developer/Library/Frameworks",
					"$(inherited)",
				);
				GCC_PREPROCESSOR_DEFINITIONS = (
					"DEBUG=1",
					"$(inherited)",
				);
				INFOPLIST_FILE = InTheGarageTests/Info.plist;
				LD_RUNPATH_SEARCH_PATHS = "$(inherited) @executable_path/Frameworks @loader_path/Frameworks";
				PRODUCT_NAME = "$(TARGET_NAME)";
				TEST_HOST = "$(BUILT_PRODUCTS_DIR)/InTheGarage.app/InTheGarage";
			};
			name = Debug;
		};
		01F3426D1B56F2E90049A901 /* Release */ = {
			isa = XCBuildConfiguration;
			buildSettings = {
				BUNDLE_LOADER = "$(TEST_HOST)";
				FRAMEWORK_SEARCH_PATHS = (
					"$(SDKROOT)/Developer/Library/Frameworks",
					"$(inherited)",
				);
				INFOPLIST_FILE = InTheGarageTests/Info.plist;
				LD_RUNPATH_SEARCH_PATHS = "$(inherited) @executable_path/Frameworks @loader_path/Frameworks";
				PRODUCT_NAME = "$(TARGET_NAME)";
				TEST_HOST = "$(BUILT_PRODUCTS_DIR)/InTheGarage.app/InTheGarage";
			};
			name = Release;
		};
/* End XCBuildConfiguration section */

/* Begin XCConfigurationList section */
		01F342401B56F2E90049A901 /* Build configuration list for PBXProject "InTheGarage" */ = {
			isa = XCConfigurationList;
			buildConfigurations = (
				01F342661B56F2E90049A901 /* Debug */,
				01F342671B56F2E90049A901 /* Release */,
			);
			defaultConfigurationIsVisible = 0;
			defaultConfigurationName = Release;
		};
		01F342681B56F2E90049A901 /* Build configuration list for PBXNativeTarget "InTheGarage" */ = {
			isa = XCConfigurationList;
			buildConfigurations = (
				01F342691B56F2E90049A901 /* Debug */,
				01F3426A1B56F2E90049A901 /* Release */,
			);
			defaultConfigurationIsVisible = 0;
		};
		01F3426B1B56F2E90049A901 /* Build configuration list for PBXNativeTarget "InTheGarageTests" */ = {
			isa = XCConfigurationList;
			buildConfigurations = (
				01F3426C1B56F2E90049A901 /* Debug */,
				01F3426D1B56F2E90049A901 /* Release */,
			);
			defaultConfigurationIsVisible = 0;
		};
/* End XCConfigurationList section */
	};
	rootObject = 01F3423D1B56F2E90049A901 /* Project object */;
}
